
Microsoft Visual Studio Solution File, Format Version 12.00
# Visual Studio Version 16
VisualStudioVersion = 16.0.31019.35
MinimumVisualStudioVersion = 10.0.40219.1
Project("{FAE04EC0-301F-11D3-BF4B-00C04F79EFBC}") = "RectanglesTask", "RectanglesTask\RectanglesTask.csproj", "{F245157B-20CE-4F55-A512-CA73A98DAA0E}"
EndProject
Project("{FAE04EC0-301F-11D3-BF4B-00C04F79EFBC}") = "RectanglesTask.UnitTests", "RectanglesTask.UnitTests\RectanglesTask.UnitTests.csproj", "{7B4FBF71-DF63-451A-9C9B-C2260FDBB832}"
EndProject
Global
	GlobalSection(SolutionConfigurationPlatforms) = preSolution
		Debug|Any CPU = Debug|Any CPU
		Release|Any CPU = Release|Any CPU
	EndGlobalSection
	GlobalSection(ProjectConfigurationPlatforms) = postSolution
		{F245157B-20CE-4F55-A512-CA73A98DAA0E}.Debug|Any CPU.ActiveCfg = Debug|Any CPU
		{F245157B-20CE-4F55-A512-CA73A98DAA0E}.Debug|Any CPU.Build.0 = Debug|Any CPU
		{F245157B-20CE-4F55-A512-CA73A98DAA0E}.Release|Any CPU.ActiveCfg = Release|Any CPU
		{F245157B-20CE-4F55-A512-CA73A98DAA0E}.Release|Any CPU.Build.0 = Release|Any CPU
		{7B4FBF71-DF63-451A-9C9B-C2260FDBB832}.Debug|Any CPU.ActiveCfg = Debug|Any CPU
		{7B4FBF71-DF63-451A-9C9B-C2260FDBB832}.Debug|Any CPU.Build.0 = Debug|Any CPU
		{7B4FBF71-DF63-451A-9C9B-C2260FDBB832}.Release|Any CPU.ActiveCfg = Release|Any CPU
		{7B4FBF71-DF63-451A-9C9B-C2260FDBB832}.Release|Any CPU.Build.0 = Release|Any CPU
	EndGlobalSection
	GlobalSection(SolutionProperties) = preSolution
		HideSolutionNode = FALSE
	EndGlobalSection
	GlobalSection(ExtensibilityGlobals) = postSolution
		SolutionGuid = {C09E8B98-B010-4439-88A2-0ECD33F11CEA}
	EndGlobalSection
EndGlobal
